
Microsoft Visual Studio Solution File, Format Version 12.00
# Visual Studio 15
VisualStudioVersion = 15.0.28307.168
MinimumVisualStudioVersion = 10.0.40219.1
Project("{FAE04EC0-301F-11D3-BF4B-00C04F79EFBC}") = "DatingApp.API", "DatingApp.API\DatingApp.API.csproj", "{C6AF22E7-88D6-4B50-971C-5747C9F2ADBA}"
EndProject
Global
	GlobalSection(SolutionConfigurationPlatforms) = preSolution
		Debug|Any CPU = Debug|Any CPU
		Release|Any CPU = Release|Any CPU
	EndGlobalSection
	GlobalSection(ProjectConfigurationPlatforms) = postSolution
		{C6AF22E7-88D6-4B50-971C-5747C9F2ADBA}.Debug|Any CPU.ActiveCfg = Debug|Any CPU
		{C6AF22E7-88D6-4B50-971C-5747C9F2ADBA}.Debug|Any CPU.Build.0 = Debug|Any CPU
		{C6AF22E7-88D6-4B50-971C-5747C9F2ADBA}.Release|Any CPU.ActiveCfg = Release|Any CPU
		{C6AF22E7-88D6-4B50-971C-5747C9F2ADBA}.Release|Any CPU.Build.0 = Release|Any CPU
	EndGlobalSection
	GlobalSection(SolutionProperties) = preSolution
		HideSolutionNode = FALSE
	EndGlobalSection
	GlobalSection(ExtensibilityGlobals) = postSolution
		SolutionGuid = {D4FD9588-EDA3-4B67-B892-15AC44DE0E55}
	EndGlobalSection
EndGlobal
